{
  "items": {
    "apkg": {
      "url": "file://./source/apkg",
      "commit": "#head"
    },
    "bpkg": {
      "url": "file://./source/bpkg",
      "commit": "1.0"
    },
    "cpkg": {
      "url": "file://./source/cpkg",
      "commit": "2.0"
    },
    "dpkg": {
      "url": "file://./source/dpkg",
      "commit": "1.0"
    }
  }
}