<?xml version="1.0"?>
<CONFIG>
  <ProjectOptions>
    <Version Value="7"/>
    <General>
      <Flags>
        <LRSInOutputDirectory Value="False"/>
      </Flags>
      <MainUnit Value="0"/>
      <TargetFileExt Value=".exe"/>
      <UseXPManifest Value="True"/>
      <ActiveEditorIndexAtStart Value="1"/>
    </General>
    <VersionInfo>
      <ProjectVersion Value=""/>
      <Language Value=""/>
      <CharSet Value=""/>
    </VersionInfo>
    <PublishOptions>
      <Version Value="2"/>
      <IgnoreBinaries Value="False"/>
      <IncludeFileFilter Value="*.(pas|pp|inc|lfm|lpr|lrs|lpi|lpk|sh|xml)"/>
      <ExcludeFileFilter Value="*.(bak|ppu|ppw|o|so);*~;backup"/>
    </PublishOptions>
    <RunParams>
      <local>
        <FormatVersion Value="1"/>
        <LaunchingApplication PathPlusParams="/usr/X11R6/bin/xterm -T 'Lazarus Run Output' -e $(LazarusDir)/tools/runwait.sh $(TargetCmdLine)"/>
      </local>
    </RunParams>
    <RequiredPackages Count="1">
      <Item1>
        <PackageName Value="LCL"/>
      </Item1>
    </RequiredPackages>
    <Units Count="2">
      <Unit0>
        <Filename Value="nimlaz.lpr"/>
        <IsPartOfProject Value="True"/>
        <UnitName Value="nimlaz"/>
        <CursorPos X="17" Y="21"/>
        <TopLine Value="1"/>
        <EditorIndex Value="1"/>
        <UsageCount Value="21"/>
        <Loaded Value="True"/>
      </Unit0>
      <Unit1>
        <Filename Value="unit1.pas"/>
        <IsPartOfProject Value="True"/>
        <ComponentName Value="Form1"/>
        <ResourceBaseClass Value="Form"/>
        <UnitName Value="Unit1"/>
        <CursorPos X="26" Y="27"/>
        <TopLine Value="2"/>
        <EditorIndex Value="0"/>
        <UsageCount Value="21"/>
        <Loaded Value="True"/>
      </Unit1>
    </Units>
    <JumpHistory Count="12" HistoryIndex="11">
      <Position1>
        <Filename Value="unit1.pas"/>
        <Caret Line="27" Column="1" TopLine="1"/>
      </Position1>
      <Position2>
        <Filename Value="unit1.pas"/>
        <Caret Line="15" Column="3" TopLine="1"/>
      </Position2>
      <Position3>
        <Filename Value="unit1.pas"/>
        <Caret Line="17" Column="26" TopLine="1"/>
      </Position3>
      <Position4>
        <Filename Value="unit1.pas"/>
        <Caret Line="16" Column="18" TopLine="1"/>
      </Position4>
      <Position5>
        <Filename Value="unit1.pas"/>
        <Caret Line="20" Column="43" TopLine="2"/>
      </Position5>
      <Position6>
        <Filename Value="unit1.pas"/>
        <Caret Line="21" Column="48" TopLine="16"/>
      </Position6>
      <Position7>
        <Filename Value="nimlaz.lpr"/>
        <Caret Line="1" Column="1" TopLine="1"/>
      </Position7>
      <Position8>
        <Filename Value="unit1.pas"/>
        <Caret Line="52" Column="17" TopLine="9"/>
      </Position8>
      <Position9>
        <Filename Value="unit1.pas"/>
        <Caret Line="51" Column="12" TopLine="9"/>
      </Position9>
      <Position10>
        <Filename Value="nimlaz.lpr"/>
        <Caret Line="21" Column="3" TopLine="1"/>
      </Position10>
      <Position11>
        <Filename Value="nimlaz.lpr"/>
        <Caret Line="20" Column="1" TopLine="1"/>
      </Position11>
      <Position12>
        <Filename Value="nimlaz.lpr"/>
        <Caret Line="21" Column="7" TopLine="1"/>
      </Position12>
    </JumpHistory>
  </ProjectOptions>
  <CompilerOptions>
    <Version Value="8"/>
    <SearchPaths>
      <IncludeFiles Value="$(ProjOutDir)/"/>
    </SearchPaths>
    <Linking>
      <Options>
        <Win32>
          <GraphicApplication Value="True"/>
        </Win32>
      </Options>
    </Linking>
    <Other>
      <CompilerPath Value="$(CompPath)"/>
    </Other>
  </CompilerOptions>
  <Debugging>
    <Exceptions Count="3">
      <Item1>
        <Name Value="EAbort"/>
      </Item1>
      <Item2>
        <Name Value="ECodetoolError"/>
      </Item2>
      <Item3>
        <Name Value="EFOpenError"/>
      </Item3>
    </Exceptions>
  </Debugging>
</CONFIG>
